// !$*UTF8*$!
{
	archiveVersion = 1;
	classes = {
	};
	objectVersion = 45;
	objects = {

/* Begin PBXAggregateTarget section */
		054CBF250EE21BD10043675E /* PlausibleDatabase (Mac & iPhone) */ = {
			isa = PBXAggregateTarget;
			buildConfigurationList = 054CBF360EE21C380043675E /* Build configuration list for PBXAggregateTarget "PlausibleDatabase (Mac & iPhone)" */;
			buildPhases = (
			);
			dependencies = (
				054CBF2F0EE21BE50043675E /* PBXTargetDependency */,
				054CBF2D0EE21BE50043675E /* PBXTargetDependency */,
				054CBF2B0EE21BE50043675E /* PBXTargetDependency */,
				054CBF290EE21BE50043675E /* PBXTargetDependency */,
			);
			name = "PlausibleDatabase (Mac & iPhone)";
			productName = PlausibleDatabase;
		};
/* End PBXAggregateTarget section */

/* Begin PBXBuildFile section */
		0502A84D0DDE9F81006F4613 /* PLSqlitePreparedStatementTests.m in Sources */ = {isa = PBXBuildFile; fileRef = 0502A84C0DDE9F81006F4613 /* PLSqlitePreparedStatementTests.m */; };
		051D157C0DD377F00083CC76 /* PlausibleDatabaseTests.m in Sources */ = {isa = PBXBuildFile; fileRef = 051D157B0DD377F00083CC76 /* PlausibleDatabaseTests.m */; };
		054CBF370EE21C670043675E /* PlausibleDatabase.m in Sources */ = {isa = PBXBuildFile; fileRef = 051D15570DD36FAB0083CC76 /* PlausibleDatabase.m */; };
		054CBF380EE21C670043675E /* PLSqliteDatabase.m in Sources */ = {isa = PBXBuildFile; fileRef = 0551CA690DCBEC5B00E31E46 /* PLSqliteDatabase.m */; };
		054CBF390EE21C670043675E /* PLSqlitePreparedStatement.m in Sources */ = {isa = PBXBuildFile; fileRef = 0502A8430DDE9EDD006F4613 /* PLSqlitePreparedStatement.m */; };
		054CBF3A0EE21C670043675E /* PLSqliteResultSet.m in Sources */ = {isa = PBXBuildFile; fileRef = 058196B00DD16BDC001E992F /* PLSqliteResultSet.m */; };
		054CBF3B0EE21C670043675E /* PLSqliteConnectionProvider.m in Sources */ = {isa = PBXBuildFile; fileRef = 0578D9990EAEEECB003F848A /* PLSqliteConnectionProvider.m */; };
		054CBF3C0EE21C670043675E /* PLDatabaseMigrationManager.m in Sources */ = {isa = PBXBuildFile; fileRef = 0578D9D00EAEF1EF003F848A /* PLDatabaseMigrationManager.m */; };
		054CBF3D0EE21C670043675E /* PLSqliteMigrationVersionManager.m in Sources */ = {isa = PBXBuildFile; fileRef = 05D196670EAFC9C800F7079D /* PLSqliteMigrationVersionManager.m */; };
		054CBF3E0EE21C6D0043675E /* PlausibleDatabase.m in Sources */ = {isa = PBXBuildFile; fileRef = 051D15570DD36FAB0083CC76 /* PlausibleDatabase.m */; };
		054CBF3F0EE21C6D0043675E /* PLSqliteDatabase.m in Sources */ = {isa = PBXBuildFile; fileRef = 0551CA690DCBEC5B00E31E46 /* PLSqliteDatabase.m */; };
		054CBF400EE21C6D0043675E /* PLSqlitePreparedStatement.m in Sources */ = {isa = PBXBuildFile; fileRef = 0502A8430DDE9EDD006F4613 /* PLSqlitePreparedStatement.m */; };
		054CBF410EE21C6D0043675E /* PLSqliteResultSet.m in Sources */ = {isa = PBXBuildFile; fileRef = 058196B00DD16BDC001E992F /* PLSqliteResultSet.m */; };
		054CBF420EE21C6D0043675E /* PLSqliteConnectionProvider.m in Sources */ = {isa = PBXBuildFile; fileRef = 0578D9990EAEEECB003F848A /* PLSqliteConnectionProvider.m */; };
		054CBF430EE21C6D0043675E /* PLDatabaseMigrationManager.m in Sources */ = {isa = PBXBuildFile; fileRef = 0578D9D00EAEF1EF003F848A /* PLDatabaseMigrationManager.m */; };
		054CBF440EE21C6D0043675E /* PLSqliteMigrationVersionManager.m in Sources */ = {isa = PBXBuildFile; fileRef = 05D196670EAFC9C800F7079D /* PLSqliteMigrationVersionManager.m */; };
		054CBF450EE21CA10043675E /* PLSqliteMigrationVersionManager.h in Headers */ = {isa = PBXBuildFile; fileRef = 05D196660EAFC9C800F7079D /* PLSqliteMigrationVersionManager.h */; settings = {ATTRIBUTES = (Public, ); }; };
		054CBF460EE21CBE0043675E /* PLDatabaseConnectionProvider.h in Headers */ = {isa = PBXBuildFile; fileRef = 0578D9940EAEED94003F848A /* PLDatabaseConnectionProvider.h */; settings = {ATTRIBUTES = (Public, ); }; };
		054CBF470EE21CC20043675E /* PLDatabaseMigrationTransactionManager.h in Headers */ = {isa = PBXBuildFile; fileRef = 05BE86970EC2D7BE00CCAA2A /* PLDatabaseMigrationTransactionManager.h */; settings = {ATTRIBUTES = (Public, ); }; };
		054CBFF20EE244740043675E /* PlausibleDatabase.m in Sources */ = {isa = PBXBuildFile; fileRef = 051D15570DD36FAB0083CC76 /* PlausibleDatabase.m */; };
		054CBFF30EE244740043675E /* PLSqliteDatabase.m in Sources */ = {isa = PBXBuildFile; fileRef = 0551CA690DCBEC5B00E31E46 /* PLSqliteDatabase.m */; };
		054CBFF40EE244740043675E /* PLSqlitePreparedStatement.m in Sources */ = {isa = PBXBuildFile; fileRef = 0502A8430DDE9EDD006F4613 /* PLSqlitePreparedStatement.m */; };
		054CBFF50EE244740043675E /* PLSqliteResultSet.m in Sources */ = {isa = PBXBuildFile; fileRef = 058196B00DD16BDC001E992F /* PLSqliteResultSet.m */; };
		054CBFF60EE244740043675E /* PLSqliteConnectionProvider.m in Sources */ = {isa = PBXBuildFile; fileRef = 0578D9990EAEEECB003F848A /* PLSqliteConnectionProvider.m */; };
		054CBFF70EE244740043675E /* PLDatabaseMigrationManager.m in Sources */ = {isa = PBXBuildFile; fileRef = 0578D9D00EAEF1EF003F848A /* PLDatabaseMigrationManager.m */; };
		054CBFF80EE244740043675E /* PLSqliteMigrationVersionManager.m in Sources */ = {isa = PBXBuildFile; fileRef = 05D196670EAFC9C800F7079D /* PLSqliteMigrationVersionManager.m */; };
		054CC0020EE245130043675E /* sqlite3.dll in Frameworks */ = {isa = PBXBuildFile; fileRef = 054CBFFD0EE244F60043675E /* sqlite3.dll */; };
		0551CA780DCBED7A00E31E46 /* PLSqliteDatabaseTests.m in Sources */ = {isa = PBXBuildFile; fileRef = 0551CA6D0DCBECB600E31E46 /* PLSqliteDatabaseTests.m */; };
		05782A0B0EE25FF60039276A /* libsqlite3.dylib in Frameworks */ = {isa = PBXBuildFile; fileRef = 0578285F0EE2520F0039276A /* libsqlite3.dylib */; };
		05782A120EE260490039276A /* libsqlite3.dylib in Frameworks */ = {isa = PBXBuildFile; fileRef = 0578285F0EE2520F0039276A /* libsqlite3.dylib */; };
		05782A3E0EE260F50039276A /* PlausibleDatabase.h in Headers */ = {isa = PBXBuildFile; fileRef = 0551CA600DCBEBA000E31E46 /* PlausibleDatabase.h */; settings = {ATTRIBUTES = (Public, ); }; };
		05782A3F0EE260F50039276A /* PLDatabase.h in Headers */ = {isa = PBXBuildFile; fileRef = 0551CA660DCBEC1500E31E46 /* PLDatabase.h */; settings = {ATTRIBUTES = (Public, ); }; };
		05782A400EE260F50039276A /* PLPreparedStatement.h in Headers */ = {isa = PBXBuildFile; fileRef = 0502A7F10DDE9B4A006F4613 /* PLPreparedStatement.h */; settings = {ATTRIBUTES = (Public, ); }; };
		05782A410EE260F50039276A /* PLResultSet.h in Headers */ = {isa = PBXBuildFile; fileRef = 05939BCD0DCBFDA0004FEA21 /* PLResultSet.h */; settings = {ATTRIBUTES = (Public, ); }; };
		05782A420EE260F50039276A /* PLSqliteDatabase.h in Headers */ = {isa = PBXBuildFile; fileRef = 0551CA680DCBEC5B00E31E46 /* PLSqliteDatabase.h */; settings = {ATTRIBUTES = (Public, ); }; };
		05782A430EE260F50039276A /* PLSqlitePreparedStatement.h in Headers */ = {isa = PBXBuildFile; fileRef = 0502A8420DDE9EDD006F4613 /* PLSqlitePreparedStatement.h */; settings = {ATTRIBUTES = (Public, ); }; };
		05782A440EE260F50039276A /* PLSqliteResultSet.h in Headers */ = {isa = PBXBuildFile; fileRef = 058196AF0DD16BDC001E992F /* PLSqliteResultSet.h */; settings = {ATTRIBUTES = (Public, ); }; };
		05782A450EE260F50039276A /* PLSqliteConnectionProvider.h in Headers */ = {isa = PBXBuildFile; fileRef = 0578D9980EAEEECB003F848A /* PLSqliteConnectionProvider.h */; settings = {ATTRIBUTES = (Public, ); }; };
		05782A460EE260F50039276A /* PLDatabaseMigrationManager.h in Headers */ = {isa = PBXBuildFile; fileRef = 0578D9CF0EAEF1EF003F848A /* PLDatabaseMigrationManager.h */; settings = {ATTRIBUTES = (Public, ); }; };
		05782A470EE260F50039276A /* PLDatabaseMigrationDelegate.h in Headers */ = {isa = PBXBuildFile; fileRef = 0578D9D20EAEF1EF003F848A /* PLDatabaseMigrationDelegate.h */; settings = {ATTRIBUTES = (Public, ); }; };
		05782A480EE260F50039276A /* PLDatabaseMigrationVersionManager.h in Headers */ = {isa = PBXBuildFile; fileRef = 0578DA3C0EAF02A5003F848A /* PLDatabaseMigrationVersionManager.h */; settings = {ATTRIBUTES = (Public, ); }; };
		05782A490EE260F50039276A /* PLSqliteMigrationVersionManager.h in Headers */ = {isa = PBXBuildFile; fileRef = 05D196660EAFC9C800F7079D /* PLSqliteMigrationVersionManager.h */; settings = {ATTRIBUTES = (Public, ); }; };
		05782A4A0EE260F50039276A /* PLDatabaseConnectionProvider.h in Headers */ = {isa = PBXBuildFile; fileRef = 0578D9940EAEED94003F848A /* PLDatabaseConnectionProvider.h */; settings = {ATTRIBUTES = (Public, ); }; };
		05782A4B0EE260F50039276A /* PLDatabaseMigrationTransactionManager.h in Headers */ = {isa = PBXBuildFile; fileRef = 05BE86970EC2D7BE00CCAA2A /* PLDatabaseMigrationTransactionManager.h */; settings = {ATTRIBUTES = (Public, ); }; };
		05782A4C0EE261230039276A /* sqlite3.h in Headers */ = {isa = PBXBuildFile; fileRef = 054CBFFE0EE244F60043675E /* sqlite3.h */; settings = {ATTRIBUTES = (Public, ); }; };
		05782A4D0EE261230039276A /* sqlite3ext.h in Headers */ = {isa = PBXBuildFile; fileRef = 054CBFFF0EE244F60043675E /* sqlite3ext.h */; settings = {ATTRIBUTES = (Public, ); }; };
		05782A500EE261BE0039276A /* PLSqliteDatabaseTests.m in Sources */ = {isa = PBXBuildFile; fileRef = 0551CA6D0DCBECB600E31E46 /* PLSqliteDatabaseTests.m */; };
		05782A510EE261BE0039276A /* PLSqliteResultSetTests.m in Sources */ = {isa = PBXBuildFile; fileRef = 058196B10DD16BDC001E992F /* PLSqliteResultSetTests.m */; };
		05782A520EE261BE0039276A /* PlausibleDatabaseTests.m in Sources */ = {isa = PBXBuildFile; fileRef = 051D157B0DD377F00083CC76 /* PlausibleDatabaseTests.m */; };
		05782A530EE261BE0039276A /* PLSqlitePreparedStatementTests.m in Sources */ = {isa = PBXBuildFile; fileRef = 0502A84C0DDE9F81006F4613 /* PLSqlitePreparedStatementTests.m */; };
		05782A540EE261BE0039276A /* PLSqliteConnectionProviderTests.m in Sources */ = {isa = PBXBuildFile; fileRef = 0578D99A0EAEEECB003F848A /* PLSqliteConnectionProviderTests.m */; };
		05782A550EE261BE0039276A /* PLDatabaseMigrationManagerTests.m in Sources */ = {isa = PBXBuildFile; fileRef = 0578D9D10EAEF1EF003F848A /* PLDatabaseMigrationManagerTests.m */; };
		05782A560EE261BE0039276A /* PLSqliteMigrationVersionManagerTests.m in Sources */ = {isa = PBXBuildFile; fileRef = 05D196800EAFD2E700F7079D /* PLSqliteMigrationVersionManagerTests.m */; };
		05782A5E0EE261ED0039276A /* PlausibleDatabase.framework in Frameworks */ = {isa = PBXBuildFile; fileRef = 054CBFDC0EE242BC0043675E /* PlausibleDatabase.framework */; };
		05782B1E0EE266540039276A /* SenTestingKit.framework in Frameworks */ = {isa = PBXBuildFile; fileRef = 05782B060EE266450039276A /* SenTestingKit.framework */; };
		05782BD60EE2692A0039276A /* Foundation.framework in Frameworks */ = {isa = PBXBuildFile; fileRef = 0867D69BFE84028FC02AAC07 /* Foundation.framework */; };
		05782BEF0EE2693F0039276A /* PlausibleDatabase.framework in Frameworks */ = {isa = PBXBuildFile; fileRef = 054CBFDC0EE242BC0043675E /* PlausibleDatabase.framework */; };
		0578D99B0EAEEECB003F848A /* PLSqliteConnectionProvider.h in Headers */ = {isa = PBXBuildFile; fileRef = 0578D9980EAEEECB003F848A /* PLSqliteConnectionProvider.h */; settings = {ATTRIBUTES = (Public, ); }; };
		0578D99C0EAEEECB003F848A /* PLSqliteConnectionProvider.m in Sources */ = {isa = PBXBuildFile; fileRef = 0578D9990EAEEECB003F848A /* PLSqliteConnectionProvider.m */; };
		0578D9A50EAEEF4F003F848A /* PLSqliteConnectionProviderTests.m in Sources */ = {isa = PBXBuildFile; fileRef = 0578D99A0EAEEECB003F848A /* PLSqliteConnectionProviderTests.m */; };
		0578D9D40EAEF1EF003F848A /* PLDatabaseMigrationManager.h in Headers */ = {isa = PBXBuildFile; fileRef = 0578D9CF0EAEF1EF003F848A /* PLDatabaseMigrationManager.h */; settings = {ATTRIBUTES = (Public, ); }; };
		0578D9D50EAEF1EF003F848A /* PLDatabaseMigrationManager.m in Sources */ = {isa = PBXBuildFile; fileRef = 0578D9D00EAEF1EF003F848A /* PLDatabaseMigrationManager.m */; };
		0578D9D70EAEF1EF003F848A /* PLDatabaseMigrationDelegate.h in Headers */ = {isa = PBXBuildFile; fileRef = 0578D9D20EAEF1EF003F848A /* PLDatabaseMigrationDelegate.h */; settings = {ATTRIBUTES = (Public, ); }; };
		0578D9DE0EAEF1F5003F848A /* PLDatabaseMigrationManagerTests.m in Sources */ = {isa = PBXBuildFile; fileRef = 0578D9D10EAEF1EF003F848A /* PLDatabaseMigrationManagerTests.m */; };
		0578DA3E0EAF02A5003F848A /* PLDatabaseMigrationVersionManager.h in Headers */ = {isa = PBXBuildFile; fileRef = 0578DA3C0EAF02A5003F848A /* PLDatabaseMigrationVersionManager.h */; settings = {ATTRIBUTES = (Public, ); }; };
		058196B60DD16BDC001E992F /* PLSqliteResultSetTests.m in Sources */ = {isa = PBXBuildFile; fileRef = 058196B10DD16BDC001E992F /* PLSqliteResultSetTests.m */; };
		058ABBA20DE637FD00C995C9 /* PlausibleDatabase.m in Sources */ = {isa = PBXBuildFile; fileRef = 051D15570DD36FAB0083CC76 /* PlausibleDatabase.m */; };
		058ABBA70DE6380E00C995C9 /* PlausibleDatabase.h in Headers */ = {isa = PBXBuildFile; fileRef = 0551CA600DCBEBA000E31E46 /* PlausibleDatabase.h */; settings = {ATTRIBUTES = (Public, ); }; };
		058ABBA80DE6381000C995C9 /* PLDatabase.h in Headers */ = {isa = PBXBuildFile; fileRef = 0551CA660DCBEC1500E31E46 /* PLDatabase.h */; settings = {ATTRIBUTES = (Public, ); }; };
		058ABBBA0DE6383C00C995C9 /* PLPreparedStatement.h in Headers */ = {isa = PBXBuildFile; fileRef = 0502A7F10DDE9B4A006F4613 /* PLPreparedStatement.h */; settings = {ATTRIBUTES = (Public, ); }; };
		058ABBBB0DE6383D00C995C9 /* PLResultSet.h in Headers */ = {isa = PBXBuildFile; fileRef = 05939BCD0DCBFDA0004FEA21 /* PLResultSet.h */; settings = {ATTRIBUTES = (Public, ); }; };
		058ABBBE0DE6384600C995C9 /* PLSqliteDatabase.h in Headers */ = {isa = PBXBuildFile; fileRef = 0551CA680DCBEC5B00E31E46 /* PLSqliteDatabase.h */; settings = {ATTRIBUTES = (Public, ); }; };
		058ABBBF0DE6384700C995C9 /* PLSqliteDatabase.m in Sources */ = {isa = PBXBuildFile; fileRef = 0551CA690DCBEC5B00E31E46 /* PLSqliteDatabase.m */; };
		058ABBC50DE6385400C995C9 /* PLSqlitePreparedStatement.h in Headers */ = {isa = PBXBuildFile; fileRef = 0502A8420DDE9EDD006F4613 /* PLSqlitePreparedStatement.h */; settings = {ATTRIBUTES = (Public, ); }; };
		058ABBC60DE6385600C995C9 /* PLSqlitePreparedStatement.m in Sources */ = {isa = PBXBuildFile; fileRef = 0502A8430DDE9EDD006F4613 /* PLSqlitePreparedStatement.m */; };
		058ABBC70DE6385F00C995C9 /* PLSqliteResultSet.h in Headers */ = {isa = PBXBuildFile; fileRef = 058196AF0DD16BDC001E992F /* PLSqliteResultSet.h */; settings = {ATTRIBUTES = (Public, ); }; };
		058ABBC80DE6386000C995C9 /* PLSqliteResultSet.m in Sources */ = {isa = PBXBuildFile; fileRef = 058196B00DD16BDC001E992F /* PLSqliteResultSet.m */; };
		058ABCE30DE63A4B00C995C9 /* PlausibleDatabase.framework in Copy Frameworks */ = {isa = PBXBuildFile; fileRef = 058ABB640DE6361300C995C9 /* PlausibleDatabase.framework */; };
		05D196810EAFD2E700F7079D /* PLSqliteMigrationVersionManagerTests.m in Sources */ = {isa = PBXBuildFile; fileRef = 05D196800EAFD2E700F7079D /* PLSqliteMigrationVersionManagerTests.m */; };
		05D198930EB1248B00F7079D /* PLSqliteMigrationVersionManager.m in Sources */ = {isa = PBXBuildFile; fileRef = 05D196670EAFC9C800F7079D /* PLSqliteMigrationVersionManager.m */; };
		05DC377B0EE2476200706FCF /* Foundation.framework in Frameworks */ = {isa = PBXBuildFile; fileRef = 0867D69BFE84028FC02AAC07 /* Foundation.framework */; };
/* End PBXBuildFile section */

/* Begin PBXBuildRule section */
		054CC0000EE244F60043675E /* PBXBuildRule */ = {
			isa = PBXBuildRule;
			compilerSpec = org.cocotron.1.0.windows.i386.gcc.default;
			fileType = sourcecode.c;
			isEditable = 1;
			outputFiles = (
			);
		};
		05782A3B0EE260C60039276A /* PBXBuildRule */ = {
			isa = PBXBuildRule;
			compilerSpec = org.cocotron.1.0.windows.i386.gcc.default;
			fileType = sourcecode.c;
			isEditable = 1;
			outputFiles = (
			);
		};
/* End PBXBuildRule section */

/* Begin PBXContainerItemProxy section */
		054CBF280EE21BE50043675E /* PBXContainerItemProxy */ = {
			isa = PBXContainerItemProxy;
			containerPortal = 0867D690FE84028FC02AAC07 /* Project object */;
			proxyType = 1;
			remoteGlobalIDString = 054CBF150EE21B570043675E;
			remoteInfo = "PlausibleDatabase-iPhoneSimulator";
		};
		054CBF2A0EE21BE50043675E /* PBXContainerItemProxy */ = {
			isa = PBXContainerItemProxy;
			containerPortal = 0867D690FE84028FC02AAC07 /* Project object */;
			proxyType = 1;
			remoteGlobalIDString = 054CBF0C0EE21B2B0043675E;
			remoteInfo = "PlausibleDatabase-iPhoneOS";
		};
		054CBF2C0EE21BE50043675E /* PBXContainerItemProxy */ = {
			isa = PBXContainerItemProxy;
			containerPortal = 0867D690FE84028FC02AAC07 /* Project object */;
			proxyType = 1;
			remoteGlobalIDString = 058ABB630DE6361300C995C9;
			remoteInfo = "PlausibleDatabase-MacOSX";
		};
		054CBF2E0EE21BE50043675E /* PBXContainerItemProxy */ = {
			isa = PBXContainerItemProxy;
			containerPortal = 0867D690FE84028FC02AAC07 /* Project object */;
			proxyType = 1;
			remoteGlobalIDString = 0551CA4A0DCBE9F600E31E46;
			remoteInfo = "PlausibleDatabase-Tests-MacOSX";
		};
		05782A1A0EE260560039276A /* PBXContainerItemProxy */ = {
			isa = PBXContainerItemProxy;
			containerPortal = 0867D690FE84028FC02AAC07 /* Project object */;
			proxyType = 1;
			remoteGlobalIDString = 054CBFDB0EE242BC0043675E;
			remoteInfo = "PlausibleDatabase-Windows-i386";
		};
		05782EF00EE3B0C80039276A /* PBXContainerItemProxy */ = {
			isa = PBXContainerItemProxy;
			containerPortal = 0867D690FE84028FC02AAC07 /* Project object */;
			proxyType = 1;
			remoteGlobalIDString = 058ABB630DE6361300C995C9;
			remoteInfo = "PlausibleDatabase-MacOSX";
		};
		05782F4C0EE3B8150039276A /* PBXContainerItemProxy */ = {
			isa = PBXContainerItemProxy;
			containerPortal = 0867D690FE84028FC02AAC07 /* Project object */;
			proxyType = 1;
			remoteGlobalIDString = 058ABB630DE6361300C995C9;
			remoteInfo = "PlausibleDatabase-MacOSX";
		};
		058ABC430DE638DE00C995C9 /* PBXContainerItemProxy */ = {
			isa = PBXContainerItemProxy;
			containerPortal = 0867D690FE84028FC02AAC07 /* Project object */;
			proxyType = 1;
			remoteGlobalIDString = 058ABB630DE6361300C995C9;
			remoteInfo = PlausibleDatabase;
		};
/* End PBXContainerItemProxy section */

/* Begin PBXCopyFilesBuildPhase section */
		058ABD1F0DE63AA100C995C9 /* Copy Frameworks */ = {
			isa = PBXCopyFilesBuildPhase;
			buildActionMask = 2147483647;
			dstPath = "";
			dstSubfolderSpec = 10;
			files = (
				058ABCE30DE63A4B00C995C9 /* PlausibleDatabase.framework in Copy Frameworks */,
			);
			name = "Copy Frameworks";
			runOnlyForDeploymentPostprocessing = 0;
		};
/* End PBXCopyFilesBuildPhase section */

/* Begin PBXFileReference section */
		0502A7F10DDE9B4A006F4613 /* PLPreparedStatement.h */ = {isa = PBXFileReference; fileEncoding = 4; lastKnownFileType = sourcecode.c.h; path = PLPreparedStatement.h; sourceTree = "<group>"; };
		0502A8420DDE9EDD006F4613 /* PLSqlitePreparedStatement.h */ = {isa = PBXFileReference; fileEncoding = 4; lastKnownFileType = sourcecode.c.h; path = PLSqlitePreparedStatement.h; sourceTree = "<group>"; };
		0502A8430DDE9EDD006F4613 /* PLSqlitePreparedStatement.m */ = {isa = PBXFileReference; fileEncoding = 4; lastKnownFileType = sourcecode.c.objc; path = PLSqlitePreparedStatement.m; sourceTree = "<group>"; };
		0502A84C0DDE9F81006F4613 /* PLSqlitePreparedStatementTests.m */ = {isa = PBXFileReference; fileEncoding = 4; lastKnownFileType = sourcecode.c.objc; path = PLSqlitePreparedStatementTests.m; sourceTree = "<group>"; };
		051D15570DD36FAB0083CC76 /* PlausibleDatabase.m */ = {isa = PBXFileReference; fileEncoding = 4; lastKnownFileType = sourcecode.c.objc; path = PlausibleDatabase.m; sourceTree = "<group>"; };
		051D157B0DD377F00083CC76 /* PlausibleDatabaseTests.m */ = {isa = PBXFileReference; fileEncoding = 4; lastKnownFileType = sourcecode.c.objc; path = PlausibleDatabaseTests.m; sourceTree = "<group>"; };
		054CBF0D0EE21B2B0043675E /* libPlausibleDatabase-iphoneos.a */ = {isa = PBXFileReference; explicitFileType = archive.ar; includeInIndex = 0; path = "libPlausibleDatabase-iphoneos.a"; sourceTree = BUILT_PRODUCTS_DIR; };
		054CBF160EE21B570043675E /* libPlausibleDatabase-iphonesimulator.a */ = {isa = PBXFileReference; explicitFileType = archive.ar; includeInIndex = 0; path = "libPlausibleDatabase-iphonesimulator.a"; sourceTree = BUILT_PRODUCTS_DIR; };
		054CBFDC0EE242BC0043675E /* PlausibleDatabase.framework */ = {isa = PBXFileReference; explicitFileType = wrapper.framework; includeInIndex = 0; path = PlausibleDatabase.framework; sourceTree = BUILT_PRODUCTS_DIR; };
		054CBFFC0EE244F60043675E /* sqlite3.def */ = {isa = PBXFileReference; fileEncoding = 4; lastKnownFileType = text; path = sqlite3.def; sourceTree = "<group>"; };
		054CBFFD0EE244F60043675E /* sqlite3.dll */ = {isa = PBXFileReference; explicitFileType = "compiled.mach-o.dylib"; path = sqlite3.dll; sourceTree = "<group>"; };
		054CBFFE0EE244F60043675E /* sqlite3.h */ = {isa = PBXFileReference; fileEncoding = 4; lastKnownFileType = sourcecode.c.h; path = sqlite3.h; sourceTree = "<group>"; };
		054CBFFF0EE244F60043675E /* sqlite3ext.h */ = {isa = PBXFileReference; fileEncoding = 4; lastKnownFileType = sourcecode.c.h; path = sqlite3ext.h; sourceTree = "<group>"; };
		0551CA4B0DCBE9F600E31E46 /* Tests.octest */ = {isa = PBXFileReference; explicitFileType = wrapper.cfbundle; includeInIndex = 0; path = Tests.octest; sourceTree = BUILT_PRODUCTS_DIR; };
		0551CA600DCBEBA000E31E46 /* PlausibleDatabase.h */ = {isa = PBXFileReference; fileEncoding = 4; lastKnownFileType = sourcecode.c.h; path = PlausibleDatabase.h; sourceTree = "<group>"; };
		0551CA660DCBEC1500E31E46 /* PLDatabase.h */ = {isa = PBXFileReference; fileEncoding = 4; lastKnownFileType = sourcecode.c.h; path = PLDatabase.h; sourceTree = "<group>"; };
		0551CA680DCBEC5B00E31E46 /* PLSqliteDatabase.h */ = {isa = PBXFileReference; fileEncoding = 4; lastKnownFileType = sourcecode.c.h; path = PLSqliteDatabase.h; sourceTree = "<group>"; };
		0551CA690DCBEC5B00E31E46 /* PLSqliteDatabase.m */ = {isa = PBXFileReference; fileEncoding = 4; lastKnownFileType = sourcecode.c.objc; path = PLSqliteDatabase.m; sourceTree = "<group>"; };
		0551CA6D0DCBECB600E31E46 /* PLSqliteDatabaseTests.m */ = {isa = PBXFileReference; fileEncoding = 4; lastKnownFileType = sourcecode.c.objc; path = PLSqliteDatabaseTests.m; sourceTree = "<group>"; };
		0578285F0EE2520F0039276A /* libsqlite3.dylib */ = {isa = PBXFileReference; lastKnownFileType = "compiled.mach-o.dylib"; name = libsqlite3.dylib; path = /usr/lib/libsqlite3.dylib; sourceTree = "<absolute>"; };
		057828660EE2524B0039276A /* PlausibleDatabase-Info.plist */ = {isa = PBXFileReference; fileEncoding = 4; lastKnownFileType = text.plist.xml; path = "PlausibleDatabase-Info.plist"; sourceTree = "<group>"; };
		057828670EE2524B0039276A /* Tests-Info.plist */ = {isa = PBXFileReference; fileEncoding = 4; lastKnownFileType = text.plist.xml; path = "Tests-Info.plist"; sourceTree = "<group>"; };
		057829F30EE25E850039276A /* Tests.octest */ = {isa = PBXFileReference; explicitFileType = wrapper.cfbundle; includeInIndex = 0; path = Tests.octest; sourceTree = BUILT_PRODUCTS_DIR; };
		05782B060EE266450039276A /* SenTestingKit.framework */ = {isa = PBXFileReference; lastKnownFileType = wrapper.framework; name = SenTestingKit.framework; path = Cocotron/1.0/Windows/i386/Frameworks/SenTestingKit.framework; sourceTree = DEVELOPER_DIR; };
		0578D9940EAEED94003F848A /* PLDatabaseConnectionProvider.h */ = {isa = PBXFileReference; fileEncoding = 4; lastKnownFileType = sourcecode.c.h; path = PLDatabaseConnectionProvider.h; sourceTree = "<group>"; };
		0578D9980EAEEECB003F848A /* PLSqliteConnectionProvider.h */ = {isa = PBXFileReference; fileEncoding = 4; lastKnownFileType = sourcecode.c.h; path = PLSqliteConnectionProvider.h; sourceTree = "<group>"; };
		0578D9990EAEEECB003F848A /* PLSqliteConnectionProvider.m */ = {isa = PBXFileReference; fileEncoding = 4; lastKnownFileType = sourcecode.c.objc; path = PLSqliteConnectionProvider.m; sourceTree = "<group>"; };
		0578D99A0EAEEECB003F848A /* PLSqliteConnectionProviderTests.m */ = {isa = PBXFileReference; fileEncoding = 4; lastKnownFileType = sourcecode.c.objc; path = PLSqliteConnectionProviderTests.m; sourceTree = "<group>"; };
		0578D9CF0EAEF1EF003F848A /* PLDatabaseMigrationManager.h */ = {isa = PBXFileReference; fileEncoding = 4; lastKnownFileType = sourcecode.c.h; path = PLDatabaseMigrationManager.h; sourceTree = "<group>"; };
		0578D9D00EAEF1EF003F848A /* PLDatabaseMigrationManager.m */ = {isa = PBXFileReference; fileEncoding = 4; lastKnownFileType = sourcecode.c.objc; path = PLDatabaseMigrationManager.m; sourceTree = "<group>"; };
		0578D9D10EAEF1EF003F848A /* PLDatabaseMigrationManagerTests.m */ = {isa = PBXFileReference; fileEncoding = 4; lastKnownFileType = sourcecode.c.objc; path = PLDatabaseMigrationManagerTests.m; sourceTree = "<group>"; };
		0578D9D20EAEF1EF003F848A /* PLDatabaseMigrationDelegate.h */ = {isa = PBXFileReference; fileEncoding = 4; lastKnownFileType = sourcecode.c.h; path = PLDatabaseMigrationDelegate.h; sourceTree = "<group>"; };
		0578DA3C0EAF02A5003F848A /* PLDatabaseMigrationVersionManager.h */ = {isa = PBXFileReference; fileEncoding = 4; lastKnownFileType = sourcecode.c.h; path = PLDatabaseMigrationVersionManager.h; sourceTree = "<group>"; };
		058196AF0DD16BDC001E992F /* PLSqliteResultSet.h */ = {isa = PBXFileReference; fileEncoding = 4; lastKnownFileType = sourcecode.c.h; path = PLSqliteResultSet.h; sourceTree = "<group>"; };
		058196B00DD16BDC001E992F /* PLSqliteResultSet.m */ = {isa = PBXFileReference; fileEncoding = 4; lastKnownFileType = sourcecode.c.objc; path = PLSqliteResultSet.m; sourceTree = "<group>"; };
		058196B10DD16BDC001E992F /* PLSqliteResultSetTests.m */ = {isa = PBXFileReference; fileEncoding = 4; lastKnownFileType = sourcecode.c.objc; path = PLSqliteResultSetTests.m; sourceTree = "<group>"; };
		058ABB640DE6361300C995C9 /* PlausibleDatabase.framework */ = {isa = PBXFileReference; explicitFileType = wrapper.framework; includeInIndex = 0; path = PlausibleDatabase.framework; sourceTree = BUILT_PRODUCTS_DIR; };
		05939BCD0DCBFDA0004FEA21 /* PLResultSet.h */ = {isa = PBXFileReference; fileEncoding = 4; lastKnownFileType = sourcecode.c.h; path = PLResultSet.h; sourceTree = "<group>"; };
		05BE86970EC2D7BE00CCAA2A /* PLDatabaseMigrationTransactionManager.h */ = {isa = PBXFileReference; fileEncoding = 4; lastKnownFileType = sourcecode.c.h; path = PLDatabaseMigrationTransactionManager.h; sourceTree = "<group>"; };
		05D196660EAFC9C800F7079D /* PLSqliteMigrationVersionManager.h */ = {isa = PBXFileReference; fileEncoding = 4; lastKnownFileType = sourcecode.c.h; path = PLSqliteMigrationVersionManager.h; sourceTree = "<group>"; };
		05D196670EAFC9C800F7079D /* PLSqliteMigrationVersionManager.m */ = {isa = PBXFileReference; fileEncoding = 4; lastKnownFileType = sourcecode.c.objc; path = PLSqliteMigrationVersionManager.m; sourceTree = "<group>"; };
		05D196800EAFD2E700F7079D /* PLSqliteMigrationVersionManagerTests.m */ = {isa = PBXFileReference; fileEncoding = 4; lastKnownFileType = sourcecode.c.objc; path = PLSqliteMigrationVersionManagerTests.m; sourceTree = "<group>"; };
		0867D69BFE84028FC02AAC07 /* Foundation.framework */ = {isa = PBXFileReference; lastKnownFileType = wrapper.framework; name = Foundation.framework; path = /System/Library/Frameworks/Foundation.framework; sourceTree = "<absolute>"; };
/* End PBXFileReference section */

/* Begin PBXFrameworksBuildPhase section */
		054CBF0B0EE21B2B0043675E /* Frameworks */ = {
			isa = PBXFrameworksBuildPhase;
			buildActionMask = 2147483647;
			files = (
			);
			runOnlyForDeploymentPostprocessing = 0;
		};
		054CBF140EE21B570043675E /* Frameworks */ = {
			isa = PBXFrameworksBuildPhase;
			buildActionMask = 2147483647;
			files = (
			);
			runOnlyForDeploymentPostprocessing = 0;
		};
		054CBFDA0EE242BC0043675E /* Frameworks */ = {
			isa = PBXFrameworksBuildPhase;
			buildActionMask = 2147483647;
			files = (
				05DC377B0EE2476200706FCF /* Foundation.framework in Frameworks */,
				054CC0020EE245130043675E /* sqlite3.dll in Frameworks */,
			);
			runOnlyForDeploymentPostprocessing = 0;
		};
		0551CA480DCBE9F600E31E46 /* Frameworks */ = {
			isa = PBXFrameworksBuildPhase;
			buildActionMask = 2147483647;
			files = (
				05782A5E0EE261ED0039276A /* PlausibleDatabase.framework in Frameworks */,
				05782A120EE260490039276A /* libsqlite3.dylib in Frameworks */,
			);
			runOnlyForDeploymentPostprocessing = 0;
		};
		057829F00EE25E850039276A /* Frameworks */ = {
			isa = PBXFrameworksBuildPhase;
			buildActionMask = 2147483647;
			files = (
				05782BEF0EE2693F0039276A /* PlausibleDatabase.framework in Frameworks */,
				05782BD60EE2692A0039276A /* Foundation.framework in Frameworks */,
				05782B1E0EE266540039276A /* SenTestingKit.framework in Frameworks */,
			);
			runOnlyForDeploymentPostprocessing = 0;
		};
		058ABB620DE6361300C995C9 /* Frameworks */ = {
			isa = PBXFrameworksBuildPhase;
			buildActionMask = 2147483647;
			files = (
				05782A0B0EE25FF60039276A /* libsqlite3.dylib in Frameworks */,
			);
			runOnlyForDeploymentPostprocessing = 0;
		};
/* End PBXFrameworksBuildPhase section */

/* Begin PBXGroup section */
		034768DFFF38A50411DB9C8B /* Products */ = {
			isa = PBXGroup;
			children = (
				0551CA4B0DCBE9F600E31E46 /* Tests.octest */,
				058ABB640DE6361300C995C9 /* PlausibleDatabase.framework */,
				054CBF0D0EE21B2B0043675E /* libPlausibleDatabase-iphoneos.a */,
				054CBF160EE21B570043675E /* libPlausibleDatabase-iphonesimulator.a */,
				054CBFDC0EE242BC0043675E /* PlausibleDatabase.framework */,
				057829F30EE25E850039276A /* Tests.octest */,
			);
			name = Products;
			sourceTree = "<group>";
		};
		053D389E0DDAE62B009D4EAF /* Dependencies */ = {
			isa = PBXGroup;
			children = (
				054CBFFB0EE244F60043675E /* sqlite-3.6.5 */,
			);
			path = Dependencies;
			sourceTree = "<group>";
		};
		054CBFFB0EE244F60043675E /* sqlite-3.6.5 */ = {
			isa = PBXGroup;
			children = (
				054CBFFC0EE244F60043675E /* sqlite3.def */,
				054CBFFD0EE244F60043675E /* sqlite3.dll */,
				054CBFFE0EE244F60043675E /* sqlite3.h */,
				054CBFFF0EE244F60043675E /* sqlite3ext.h */,
			);
			path = "sqlite-3.6.5";
			sourceTree = "<group>";
		};
		057828650EE2524B0039276A /* Resources */ = {
			isa = PBXGroup;
			children = (
				057828660EE2524B0039276A /* PlausibleDatabase-Info.plist */,
				057828670EE2524B0039276A /* Tests-Info.plist */,
			);
			path = Resources;
			sourceTree = "<group>";
		};
		05782B020EE2662D0039276A /* Cocotron Frameworks */ = {
			isa = PBXGroup;
			children = (
				05782B060EE266450039276A /* SenTestingKit.framework */,
			);
			name = "Cocotron Frameworks";
			sourceTree = "<group>";
		};
		0578D9960EAEEE99003F848A /* Connection Providers */ = {
			isa = PBXGroup;
			children = (
				0578D9940EAEED94003F848A /* PLDatabaseConnectionProvider.h */,
				0578D9970EAEEEA4003F848A /* SQLite */,
			);
			name = "Connection Providers";
			sourceTree = "<group>";
		};
		0578D9970EAEEEA4003F848A /* SQLite */ = {
			isa = PBXGroup;
			children = (
				0578D9980EAEEECB003F848A /* PLSqliteConnectionProvider.h */,
				0578D9990EAEEECB003F848A /* PLSqliteConnectionProvider.m */,
				0578D99A0EAEEECB003F848A /* PLSqliteConnectionProviderTests.m */,
			);
			name = SQLite;
			sourceTree = "<group>";
		};
		0578D9CE0EAEF1BC003F848A /* Migration */ = {
			isa = PBXGroup;
			children = (
				0578D9CF0EAEF1EF003F848A /* PLDatabaseMigrationManager.h */,
				0578D9D00EAEF1EF003F848A /* PLDatabaseMigrationManager.m */,
				0578D9D10EAEF1EF003F848A /* PLDatabaseMigrationManagerTests.m */,
				05BE86970EC2D7BE00CCAA2A /* PLDatabaseMigrationTransactionManager.h */,
				0578DA3C0EAF02A5003F848A /* PLDatabaseMigrationVersionManager.h */,
				0578D9D20EAEF1EF003F848A /* PLDatabaseMigrationDelegate.h */,
				0578DA440EAF03DB003F848A /* SQLite */,
			);
			name = Migration;
			sourceTree = "<group>";
		};
		0578DA440EAF03DB003F848A /* SQLite */ = {
			isa = PBXGroup;
			children = (
				05D196660EAFC9C800F7079D /* PLSqliteMigrationVersionManager.h */,
				05D196670EAFC9C800F7079D /* PLSqliteMigrationVersionManager.m */,
				05D196800EAFD2E700F7079D /* PLSqliteMigrationVersionManagerTests.m */,
			);
			name = SQLite;
			sourceTree = "<group>";
		};
		05939BF00DCBFFE4004FEA21 /* SQLite */ = {
			isa = PBXGroup;
			children = (
				058196AF0DD16BDC001E992F /* PLSqliteResultSet.h */,
				058196B00DD16BDC001E992F /* PLSqliteResultSet.m */,
				058196B10DD16BDC001E992F /* PLSqliteResultSetTests.m */,
				0551CA680DCBEC5B00E31E46 /* PLSqliteDatabase.h */,
				0551CA690DCBEC5B00E31E46 /* PLSqliteDatabase.m */,
				0551CA6D0DCBECB600E31E46 /* PLSqliteDatabaseTests.m */,
				0502A8420DDE9EDD006F4613 /* PLSqlitePreparedStatement.h */,
				0502A8430DDE9EDD006F4613 /* PLSqlitePreparedStatement.m */,
				0502A84C0DDE9F81006F4613 /* PLSqlitePreparedStatementTests.m */,
			);
			name = SQLite;
			sourceTree = "<group>";
		};
		05CD56260DDAD786004448D9 /* Drivers */ = {
			isa = PBXGroup;
			children = (
				05939BF00DCBFFE4004FEA21 /* SQLite */,
			);
			name = Drivers;
			sourceTree = "<group>";
		};
		0867D691FE84028FC02AAC07 /* PlausibleDatabase */ = {
			isa = PBXGroup;
			children = (
				08FB77AEFE84172EC02AAC07 /* Classes */,
				32C88DFF0371C24200C91783 /* Other Sources */,
				0867D69AFE84028FC02AAC07 /* External Frameworks and Libraries */,
				053D389E0DDAE62B009D4EAF /* Dependencies */,
				034768DFFF38A50411DB9C8B /* Products */,
				057828650EE2524B0039276A /* Resources */,
			);
			name = PlausibleDatabase;
			sourceTree = "<group>";
		};
		0867D69AFE84028FC02AAC07 /* External Frameworks and Libraries */ = {
			isa = PBXGroup;
			children = (
				05782B020EE2662D0039276A /* Cocotron Frameworks */,
				1058C7B0FEA5585E11CA2CBB /* Linked Frameworks */,
				1058C7B2FEA5585E11CA2CBB /* Other Frameworks */,
			);
			name = "External Frameworks and Libraries";
			sourceTree = "<group>";
		};
		08FB77AEFE84172EC02AAC07 /* Classes */ = {
			isa = PBXGroup;
			children = (
				051D15570DD36FAB0083CC76 /* PlausibleDatabase.m */,
				051D157B0DD377F00083CC76 /* PlausibleDatabaseTests.m */,
				0551CA600DCBEBA000E31E46 /* PlausibleDatabase.h */,
				0551CA660DCBEC1500E31E46 /* PLDatabase.h */,
				05939BCD0DCBFDA0004FEA21 /* PLResultSet.h */,
				0502A7F10DDE9B4A006F4613 /* PLPreparedStatement.h */,
				0578D9960EAEEE99003F848A /* Connection Providers */,
				0578D9CE0EAEF1BC003F848A /* Migration */,
				05CD56260DDAD786004448D9 /* Drivers */,
			);
			path = Classes;
			sourceTree = "<group>";
		};
		1058C7B0FEA5585E11CA2CBB /* Linked Frameworks */ = {
			isa = PBXGroup;
			children = (
				0578285F0EE2520F0039276A /* libsqlite3.dylib */,
				0867D69BFE84028FC02AAC07 /* Foundation.framework */,
			);
			name = "Linked Frameworks";
			sourceTree = "<group>";
		};
		1058C7B2FEA5585E11CA2CBB /* Other Frameworks */ = {
			isa = PBXGroup;
			children = (
			);
			name = "Other Frameworks";
			sourceTree = "<group>";
		};
		32C88DFF0371C24200C91783 /* Other Sources */ = {
			isa = PBXGroup;
			children = (
			);
			name = "Other Sources";
			sourceTree = "<group>";
		};
/* End PBXGroup section */

/* Begin PBXHeadersBuildPhase section */
		054CBF090EE21B2B0043675E /* Headers */ = {
			isa = PBXHeadersBuildPhase;
			buildActionMask = 2147483647;
			files = (
			);
			runOnlyForDeploymentPostprocessing = 0;
		};
		054CBF120EE21B570043675E /* Headers */ = {
			isa = PBXHeadersBuildPhase;
			buildActionMask = 2147483647;
			files = (
			);
			runOnlyForDeploymentPostprocessing = 0;
		};
		054CBFD70EE242BC0043675E /* Headers */ = {
			isa = PBXHeadersBuildPhase;
			buildActionMask = 2147483647;
			files = (
				05782A4C0EE261230039276A /* sqlite3.h in Headers */,
				05782A4D0EE261230039276A /* sqlite3ext.h in Headers */,
				05782A3E0EE260F50039276A /* PlausibleDatabase.h in Headers */,
				05782A3F0EE260F50039276A /* PLDatabase.h in Headers */,
				05782A400EE260F50039276A /* PLPreparedStatement.h in Headers */,
				05782A410EE260F50039276A /* PLResultSet.h in Headers */,
				05782A420EE260F50039276A /* PLSqliteDatabase.h in Headers */,
				05782A430EE260F50039276A /* PLSqlitePreparedStatement.h in Headers */,
				05782A440EE260F50039276A /* PLSqliteResultSet.h in Headers */,
				05782A450EE260F50039276A /* PLSqliteConnectionProvider.h in Headers */,
				05782A460EE260F50039276A /* PLDatabaseMigrationManager.h in Headers */,
				05782A470EE260F50039276A /* PLDatabaseMigrationDelegate.h in Headers */,
				05782A480EE260F50039276A /* PLDatabaseMigrationVersionManager.h in Headers */,
				05782A490EE260F50039276A /* PLSqliteMigrationVersionManager.h in Headers */,
				05782A4A0EE260F50039276A /* PLDatabaseConnectionProvider.h in Headers */,
				05782A4B0EE260F50039276A /* PLDatabaseMigrationTransactionManager.h in Headers */,
			);
			runOnlyForDeploymentPostprocessing = 0;
		};
		058ABB5F0DE6361300C995C9 /* Headers */ = {
			isa = PBXHeadersBuildPhase;
			buildActionMask = 2147483647;
			files = (
				058ABBA70DE6380E00C995C9 /* PlausibleDatabase.h in Headers */,
				058ABBA80DE6381000C995C9 /* PLDatabase.h in Headers */,
				058ABBBA0DE6383C00C995C9 /* PLPreparedStatement.h in Headers */,
				058ABBBB0DE6383D00C995C9 /* PLResultSet.h in Headers */,
				058ABBBE0DE6384600C995C9 /* PLSqliteDatabase.h in Headers */,
				058ABBC50DE6385400C995C9 /* PLSqlitePreparedStatement.h in Headers */,
				058ABBC70DE6385F00C995C9 /* PLSqliteResultSet.h in Headers */,
				0578D99B0EAEEECB003F848A /* PLSqliteConnectionProvider.h in Headers */,
				0578D9D40EAEF1EF003F848A /* PLDatabaseMigrationManager.h in Headers */,
				0578D9D70EAEF1EF003F848A /* PLDatabaseMigrationDelegate.h in Headers */,
				0578DA3E0EAF02A5003F848A /* PLDatabaseMigrationVersionManager.h in Headers */,
				054CBF450EE21CA10043675E /* PLSqliteMigrationVersionManager.h in Headers */,
				054CBF460EE21CBE0043675E /* PLDatabaseConnectionProvider.h in Headers */,
				054CBF470EE21CC20043675E /* PLDatabaseMigrationTransactionManager.h in Headers */,
			);
			runOnlyForDeploymentPostprocessing = 0;
		};
/* End PBXHeadersBuildPhase section */

/* Begin PBXNativeTarget section */
		054CBF0C0EE21B2B0043675E /* PlausibleDatabase-iPhoneOS */ = {
			isa = PBXNativeTarget;
			buildConfigurationList = 054CBF1B0EE21B6F0043675E /* Build configuration list for PBXNativeTarget "PlausibleDatabase-iPhoneOS" */;
			buildPhases = (
				054CBF090EE21B2B0043675E /* Headers */,
				054CBF0A0EE21B2B0043675E /* Sources */,
				054CBF0B0EE21B2B0043675E /* Frameworks */,
				05782F1C0EE3B1A00039276A /* Create Framework */,
			);
			buildRules = (
			);
			dependencies = (
				05782EF10EE3B0C80039276A /* PBXTargetDependency */,
			);
			name = "PlausibleDatabase-iPhoneOS";
			productName = "PlausibleDatabase-iPhoneOS";
			productReference = 054CBF0D0EE21B2B0043675E /* libPlausibleDatabase-iphoneos.a */;
			productType = "com.apple.product-type.library.static";
		};
		054CBF150EE21B570043675E /* PlausibleDatabase-iPhoneSimulator */ = {
			isa = PBXNativeTarget;
			buildConfigurationList = 054CBF1C0EE21B6F0043675E /* Build configuration list for PBXNativeTarget "PlausibleDatabase-iPhoneSimulator" */;
			buildPhases = (
				054CBF120EE21B570043675E /* Headers */,
				054CBF130EE21B570043675E /* Sources */,
				054CBF140EE21B570043675E /* Frameworks */,
				05782F300EE3B7600039276A /* Create Framework */,
			);
			buildRules = (
			);
			dependencies = (
				05782F4D0EE3B8150039276A /* PBXTargetDependency */,
			);
			name = "PlausibleDatabase-iPhoneSimulator";
			productName = "PlausibleDatabase-iPhoneSimulator";
			productReference = 054CBF160EE21B570043675E /* libPlausibleDatabase-iphonesimulator.a */;
			productType = "com.apple.product-type.library.static";
		};
		054CBFDB0EE242BC0043675E /* PlausibleDatabase-Windows-i386 */ = {
			isa = PBXNativeTarget;
			buildConfigurationList = 054CBFE00EE242BD0043675E /* Build configuration list for PBXNativeTarget "PlausibleDatabase-Windows-i386" */;
			buildPhases = (
				054CBFD70EE242BC0043675E /* Headers */,
				054CBFD80EE242BC0043675E /* Resources */,
				054CBFD90EE242BC0043675E /* Sources */,
				054CBFDA0EE242BC0043675E /* Frameworks */,
			);
			buildRules = (
				054CC0000EE244F60043675E /* PBXBuildRule */,
			);
			dependencies = (
			);
			name = "PlausibleDatabase-Windows-i386";
			productName = "PlausibleDatabase-Windows-i386";
			productReference = 054CBFDC0EE242BC0043675E /* PlausibleDatabase.framework */;
			productType = "com.apple.product-type.framework";
		};
		0551CA4A0DCBE9F600E31E46 /* Tests-MacOSX */ = {
			isa = PBXNativeTarget;
			buildConfigurationList = 0551CA500DCBE9F700E31E46 /* Build configuration list for PBXNativeTarget "Tests-MacOSX" */;
			buildPhases = (
				058ABD1F0DE63AA100C995C9 /* Copy Frameworks */,
				0551CA460DCBE9F600E31E46 /* Resources */,
				0551CA470DCBE9F600E31E46 /* Sources */,
				0551CA480DCBE9F600E31E46 /* Frameworks */,
				0551CA490DCBE9F600E31E46 /* ShellScript */,
			);
			buildRules = (
			);
			dependencies = (
				058ABC440DE638DE00C995C9 /* PBXTargetDependency */,
			);
			name = "Tests-MacOSX";
			productName = Tests;
			productReference = 0551CA4B0DCBE9F600E31E46 /* Tests.octest */;
			productType = "com.apple.product-type.bundle";
		};
		057829F20EE25E850039276A /* Tests-Windows-i386 */ = {
			isa = PBXNativeTarget;
			buildConfigurationList = 057829F90EE25E860039276A /* Build configuration list for PBXNativeTarget "Tests-Windows-i386" */;
			buildPhases = (
				057829EE0EE25E850039276A /* Resources */,
				057829EF0EE25E850039276A /* Sources */,
				057829F00EE25E850039276A /* Frameworks */,
				05782A030EE25F890039276A /* Retarget Bundle */,
				057829F10EE25E850039276A /* Run Tests */,
			);
			buildRules = (
				05782A3B0EE260C60039276A /* PBXBuildRule */,
			);
			dependencies = (
				05782A1B0EE260560039276A /* PBXTargetDependency */,
			);
			name = "Tests-Windows-i386";
			productName = "Tests-Windows-i386";
			productReference = 057829F30EE25E850039276A /* Tests.octest */;
			productType = "com.apple.product-type.bundle";
		};
		058ABB630DE6361300C995C9 /* PlausibleDatabase-MacOSX */ = {
			isa = PBXNativeTarget;
			buildConfigurationList = 058ABB680DE6361300C995C9 /* Build configuration list for PBXNativeTarget "PlausibleDatabase-MacOSX" */;
			buildPhases = (
				058ABB5F0DE6361300C995C9 /* Headers */,
				058ABB600DE6361300C995C9 /* Resources */,
				058ABB610DE6361300C995C9 /* Sources */,
				058ABB620DE6361300C995C9 /* Frameworks */,
			);
			buildRules = (
			);
			dependencies = (
			);
			name = "PlausibleDatabase-MacOSX";
			productName = PlausibleDatabase;
			productReference = 058ABB640DE6361300C995C9 /* PlausibleDatabase.framework */;
			productType = "com.apple.product-type.framework";
		};
/* End PBXNativeTarget section */

/* Begin PBXProject section */
		0867D690FE84028FC02AAC07 /* Project object */ = {
			isa = PBXProject;
			buildConfigurationList = 1DEB918108733D990010E9CD /* Build configuration list for PBXProject "PlausibleDatabase" */;
			compatibilityVersion = "Xcode 3.1";
			hasScannedForEncodings = 1;
			mainGroup = 0867D691FE84028FC02AAC07 /* PlausibleDatabase */;
			productRefGroup = 034768DFFF38A50411DB9C8B /* Products */;
			projectDirPath = "";
			projectRoot = "";
			targets = (
				054CBF250EE21BD10043675E /* PlausibleDatabase (Mac & iPhone) */,
				058ABB630DE6361300C995C9 /* PlausibleDatabase-MacOSX */,
				054CBF0C0EE21B2B0043675E /* PlausibleDatabase-iPhoneOS */,
				054CBF150EE21B570043675E /* PlausibleDatabase-iPhoneSimulator */,
				054CBFDB0EE242BC0043675E /* PlausibleDatabase-Windows-i386 */,
				0551CA4A0DCBE9F600E31E46 /* Tests-MacOSX */,
				057829F20EE25E850039276A /* Tests-Windows-i386 */,
			);
		};
/* End PBXProject section */

/* Begin PBXResourcesBuildPhase section */
		054CBFD80EE242BC0043675E /* Resources */ = {
			isa = PBXResourcesBuildPhase;
			buildActionMask = 2147483647;
			files = (
			);
			runOnlyForDeploymentPostprocessing = 0;
		};
		0551CA460DCBE9F600E31E46 /* Resources */ = {
			isa = PBXResourcesBuildPhase;
			buildActionMask = 2147483647;
			files = (
			);
			runOnlyForDeploymentPostprocessing = 0;
		};
		057829EE0EE25E850039276A /* Resources */ = {
			isa = PBXResourcesBuildPhase;
			buildActionMask = 2147483647;
			files = (
			);
			runOnlyForDeploymentPostprocessing = 0;
		};
		058ABB600DE6361300C995C9 /* Resources */ = {
			isa = PBXResourcesBuildPhase;
			buildActionMask = 2147483647;
			files = (
			);
			runOnlyForDeploymentPostprocessing = 0;
		};
/* End PBXResourcesBuildPhase section */

/* Begin PBXShellScriptBuildPhase section */
		0551CA490DCBE9F600E31E46 /* ShellScript */ = {
			isa = PBXShellScriptBuildPhase;
			buildActionMask = 2147483647;
			files = (
			);
			inputPaths = (
			);
			outputPaths = (
			);
			runOnlyForDeploymentPostprocessing = 0;
			shellPath = /bin/sh;
			shellScript = "# Run the unit tests in this test bundle.\n\n\"${SYSTEM_DEVELOPER_DIR}/Tools/RunUnitTests\"\n";
			showEnvVarsInLog = 0;
		};
		057829F10EE25E850039276A /* Run Tests */ = {
			isa = PBXShellScriptBuildPhase;
			buildActionMask = 2147483647;
			files = (
			);
			inputPaths = (
			);
			name = "Run Tests";
			outputPaths = (
			);
			runOnlyForDeploymentPostprocessing = 0;
			shellPath = /bin/sh;
			shellScript = "# Run the unit tests in this test bundle.\nDEST=\"${CONFIGURATION_BUILD_DIR}/${EXECUTABLE_FOLDER_PATH}\"\n\n# Only try to run the tests locally if wine is available\nwhich wine\nif [ $? = 0 ]; then\n\tcp \"/Developer/Cocotron/1.0/Windows/i386/otest.exe\" \"${DEST}\"\n\twine \"${DEST}/otest.exe\" -SenTest All \"${CONFIGURATION_BUILD_DIR}/$WRAPPER_NAME\"\nfi";
			showEnvVarsInLog = 0;
		};
		05782A030EE25F890039276A /* Retarget Bundle */ = {
			isa = PBXShellScriptBuildPhase;
			buildActionMask = 2147483647;
			files = (
			);
			inputPaths = (
			);
			name = "Retarget Bundle";
			outputPaths = (
			);
			runOnlyForDeploymentPostprocessing = 0;
			shellPath = /bin/sh;
			shellScript = "/Developer/Cocotron/1.0/bin/retargetBundle -framework Foundation -framework SenTestingKit -F \"${CONFIGURATION_BUILD_DIR}\" -framework PlausibleDatabase -destination \"$TARGET_BUILD_DIR/$EXECUTABLE_FOLDER_PATH\"\ncp \"${PROJECT_DIR}\"/Dependencies/sqlite-*/sqlite3.dll \"$TARGET_BUILD_DIR/$EXECUTABLE_FOLDER_PATH\"";
		};
		05782F1C0EE3B1A00039276A /* Create Framework */ = {
			isa = PBXShellScriptBuildPhase;
			buildActionMask = 2147483647;
			files = (
			);
			inputPaths = (
			);
			name = "Create Framework";
			outputPaths = (
			);
			runOnlyForDeploymentPostprocessing = 0;
			shellPath = /bin/sh;
			shellScript = "# Copy in the canonical framework\ntar -C \"${BUILD_DIR}/${CONFIGURATION}-${PL_CANONICAL_PLATFORM}\" -cf - \"${PL_CANONICAL_PRODUCT}.framework\" | tar -C \"${BUILT_PRODUCTS_DIR}\" -xf -\n\n# Copy in the static library we'll be using to replace the canonical framework's dylib\ncp \"${BUILT_PRODUCTS_DIR}/${FULL_PRODUCT_NAME}\" \"${BUILT_PRODUCTS_DIR}/${PL_CANONICAL_PRODUCT}.framework/Versions/Current/${PL_CANONICAL_PRODUCT}\"";
		};
		05782F300EE3B7600039276A /* Create Framework */ = {
			isa = PBXShellScriptBuildPhase;
			buildActionMask = 2147483647;
			files = (
			);
			inputPaths = (
			);
			name = "Create Framework";
			outputPaths = (
			);
			runOnlyForDeploymentPostprocessing = 0;
			shellPath = /bin/sh;
			shellScript = "# Copy in the canonical framework\ntar -C \"${BUILD_DIR}/${CONFIGURATION}-${PL_CANONICAL_PLATFORM}\" -cf - \"${PL_CANONICAL_PRODUCT}.framework\" | tar -C \"${BUILT_PRODUCTS_DIR}\" -xf -\n\n# Copy in the static library we'll be using to replace the canonical framework's dylib\ncp \"${BUILT_PRODUCTS_DIR}/${FULL_PRODUCT_NAME}\" \"${BUILT_PRODUCTS_DIR}/${PL_CANONICAL_PRODUCT}.framework/Versions/Current/${PL_CANONICAL_PRODUCT}\"";
		};
/* End PBXShellScriptBuildPhase section */

/* Begin PBXSourcesBuildPhase section */
		054CBF0A0EE21B2B0043675E /* Sources */ = {
			isa = PBXSourcesBuildPhase;
			buildActionMask = 2147483647;
			files = (
				054CBF370EE21C670043675E /* PlausibleDatabase.m in Sources */,
				054CBF380EE21C670043675E /* PLSqliteDatabase.m in Sources */,
				054CBF390EE21C670043675E /* PLSqlitePreparedStatement.m in Sources */,
				054CBF3A0EE21C670043675E /* PLSqliteResultSet.m in Sources */,
				054CBF3B0EE21C670043675E /* PLSqliteConnectionProvider.m in Sources */,
				054CBF3C0EE21C670043675E /* PLDatabaseMigrationManager.m in Sources */,
				054CBF3D0EE21C670043675E /* PLSqliteMigrationVersionManager.m in Sources */,
			);
			runOnlyForDeploymentPostprocessing = 0;
		};
		054CBF130EE21B570043675E /* Sources */ = {
			isa = PBXSourcesBuildPhase;
			buildActionMask = 2147483647;
			files = (
				054CBF3E0EE21C6D0043675E /* PlausibleDatabase.m in Sources */,
				054CBF3F0EE21C6D0043675E /* PLSqliteDatabase.m in Sources */,
				054CBF400EE21C6D0043675E /* PLSqlitePreparedStatement.m in Sources */,
				054CBF410EE21C6D0043675E /* PLSqliteResultSet.m in Sources */,
				054CBF420EE21C6D0043675E /* PLSqliteConnectionProvider.m in Sources */,
				054CBF430EE21C6D0043675E /* PLDatabaseMigrationManager.m in Sources */,
				054CBF440EE21C6D0043675E /* PLSqliteMigrationVersionManager.m in Sources */,
			);
			runOnlyForDeploymentPostprocessing = 0;
		};
		054CBFD90EE242BC0043675E /* Sources */ = {
			isa = PBXSourcesBuildPhase;
			buildActionMask = 2147483647;
			files = (
				054CBFF20EE244740043675E /* PlausibleDatabase.m in Sources */,
				054CBFF30EE244740043675E /* PLSqliteDatabase.m in Sources */,
				054CBFF40EE244740043675E /* PLSqlitePreparedStatement.m in Sources */,
				054CBFF50EE244740043675E /* PLSqliteResultSet.m in Sources */,
				054CBFF60EE244740043675E /* PLSqliteConnectionProvider.m in Sources */,
				054CBFF70EE244740043675E /* PLDatabaseMigrationManager.m in Sources */,
				054CBFF80EE244740043675E /* PLSqliteMigrationVersionManager.m in Sources */,
			);
			runOnlyForDeploymentPostprocessing = 0;
		};
		0551CA470DCBE9F600E31E46 /* Sources */ = {
			isa = PBXSourcesBuildPhase;
			buildActionMask = 2147483647;
			files = (
				0551CA780DCBED7A00E31E46 /* PLSqliteDatabaseTests.m in Sources */,
				058196B60DD16BDC001E992F /* PLSqliteResultSetTests.m in Sources */,
				051D157C0DD377F00083CC76 /* PlausibleDatabaseTests.m in Sources */,
				0502A84D0DDE9F81006F4613 /* PLSqlitePreparedStatementTests.m in Sources */,
				0578D9A50EAEEF4F003F848A /* PLSqliteConnectionProviderTests.m in Sources */,
				0578D9DE0EAEF1F5003F848A /* PLDatabaseMigrationManagerTests.m in Sources */,
				05D196810EAFD2E700F7079D /* PLSqliteMigrationVersionManagerTests.m in Sources */,
			);
			runOnlyForDeploymentPostprocessing = 0;
		};
		057829EF0EE25E850039276A /* Sources */ = {
			isa = PBXSourcesBuildPhase;
			buildActionMask = 2147483647;
			files = (
				05782A500EE261BE0039276A /* PLSqliteDatabaseTests.m in Sources */,
				05782A510EE261BE0039276A /* PLSqliteResultSetTests.m in Sources */,
				05782A520EE261BE0039276A /* PlausibleDatabaseTests.m in Sources */,
				05782A530EE261BE0039276A /* PLSqlitePreparedStatementTests.m in Sources */,
				05782A540EE261BE0039276A /* PLSqliteConnectionProviderTests.m in Sources */,
				05782A550EE261BE0039276A /* PLDatabaseMigrationManagerTests.m in Sources */,
				05782A560EE261BE0039276A /* PLSqliteMigrationVersionManagerTests.m in Sources */,
			);
			runOnlyForDeploymentPostprocessing = 0;
		};
		058ABB610DE6361300C995C9 /* Sources */ = {
			isa = PBXSourcesBuildPhase;
			buildActionMask = 2147483647;
			files = (
				058ABBA20DE637FD00C995C9 /* PlausibleDatabase.m in Sources */,
				058ABBBF0DE6384700C995C9 /* PLSqliteDatabase.m in Sources */,
				058ABBC60DE6385600C995C9 /* PLSqlitePreparedStatement.m in Sources */,
				058ABBC80DE6386000C995C9 /* PLSqliteResultSet.m in Sources */,
				0578D99C0EAEEECB003F848A /* PLSqliteConnectionProvider.m in Sources */,
				0578D9D50EAEF1EF003F848A /* PLDatabaseMigrationManager.m in Sources */,
				05D198930EB1248B00F7079D /* PLSqliteMigrationVersionManager.m in Sources */,
			);
			runOnlyForDeploymentPostprocessing = 0;
		};
/* End PBXSourcesBuildPhase section */

/* Begin PBXTargetDependency section */
		054CBF290EE21BE50043675E /* PBXTargetDependency */ = {
			isa = PBXTargetDependency;
			target = 054CBF150EE21B570043675E /* PlausibleDatabase-iPhoneSimulator */;
			targetProxy = 054CBF280EE21BE50043675E /* PBXContainerItemProxy */;
		};
		054CBF2B0EE21BE50043675E /* PBXTargetDependency */ = {
			isa = PBXTargetDependency;
			target = 054CBF0C0EE21B2B0043675E /* PlausibleDatabase-iPhoneOS */;
			targetProxy = 054CBF2A0EE21BE50043675E /* PBXContainerItemProxy */;
		};
		054CBF2D0EE21BE50043675E /* PBXTargetDependency */ = {
			isa = PBXTargetDependency;
			target = 058ABB630DE6361300C995C9 /* PlausibleDatabase-MacOSX */;
			targetProxy = 054CBF2C0EE21BE50043675E /* PBXContainerItemProxy */;
		};
		054CBF2F0EE21BE50043675E /* PBXTargetDependency */ = {
			isa = PBXTargetDependency;
			target = 0551CA4A0DCBE9F600E31E46 /* Tests-MacOSX */;
			targetProxy = 054CBF2E0EE21BE50043675E /* PBXContainerItemProxy */;
		};
		05782A1B0EE260560039276A /* PBXTargetDependency */ = {
			isa = PBXTargetDependency;
			target = 054CBFDB0EE242BC0043675E /* PlausibleDatabase-Windows-i386 */;
			targetProxy = 05782A1A0EE260560039276A /* PBXContainerItemProxy */;
		};
		05782EF10EE3B0C80039276A /* PBXTargetDependency */ = {
			isa = PBXTargetDependency;
			target = 058ABB630DE6361300C995C9 /* PlausibleDatabase-MacOSX */;
			targetProxy = 05782EF00EE3B0C80039276A /* PBXContainerItemProxy */;
		};
		05782F4D0EE3B8150039276A /* PBXTargetDependency */ = {
			isa = PBXTargetDependency;
			target = 058ABB630DE6361300C995C9 /* PlausibleDatabase-MacOSX */;
			targetProxy = 05782F4C0EE3B8150039276A /* PBXContainerItemProxy */;
		};
		058ABC440DE638DE00C995C9 /* PBXTargetDependency */ = {
			isa = PBXTargetDependency;
			target = 058ABB630DE6361300C995C9 /* PlausibleDatabase-MacOSX */;
			targetProxy = 058ABC430DE638DE00C995C9 /* PBXContainerItemProxy */;
		};
/* End PBXTargetDependency section */

/* Begin XCBuildConfiguration section */
		054CBF0E0EE21B2C0043675E /* Debug */ = {
			isa = XCBuildConfiguration;
			buildSettings = {
				ALWAYS_SEARCH_USER_PATHS = NO;
				COPY_PHASE_STRIP = NO;
				GCC_DYNAMIC_NO_PIC = NO;
				GCC_OPTIMIZATION_LEVEL = 0;
				PREBINDING = NO;
				PRODUCT_NAME = "PlausibleDatabase$(EFFECTIVE_PLATFORM_NAME)";
				SDKROOT = iphoneos2.0;
			};
			name = Debug;
		};
		054CBF0F0EE21B2C0043675E /* Release */ = {
			isa = XCBuildConfiguration;
			buildSettings = {
				ALWAYS_SEARCH_USER_PATHS = NO;
				COPY_PHASE_STRIP = YES;
				DEBUG_INFORMATION_FORMAT = "dwarf-with-dsym";
				GCC_ENABLE_FIX_AND_CONTINUE = NO;
				PREBINDING = NO;
				PRODUCT_NAME = "PlausibleDatabase$(EFFECTIVE_PLATFORM_NAME)";
				SDKROOT = iphoneos2.0;
				ZERO_LINK = NO;
			};
			name = Release;
		};
		054CBF170EE21B580043675E /* Debug */ = {
			isa = XCBuildConfiguration;
			buildSettings = {
				ALWAYS_SEARCH_USER_PATHS = NO;
				COPY_PHASE_STRIP = NO;
				GCC_DYNAMIC_NO_PIC = NO;
				GCC_OPTIMIZATION_LEVEL = 0;
				PREBINDING = NO;
				PRODUCT_NAME = "PlausibleDatabase$(EFFECTIVE_PLATFORM_NAME)";
				SDKROOT = iphonesimulator2.0;
			};
			name = Debug;
		};
		054CBF180EE21B580043675E /* Release */ = {
			isa = XCBuildConfiguration;
			buildSettings = {
				ALWAYS_SEARCH_USER_PATHS = NO;
				COPY_PHASE_STRIP = YES;
				DEBUG_INFORMATION_FORMAT = "dwarf-with-dsym";
				GCC_ENABLE_FIX_AND_CONTINUE = NO;
				PREBINDING = NO;
				PRODUCT_NAME = "PlausibleDatabase$(EFFECTIVE_PLATFORM_NAME)";
				SDKROOT = iphonesimulator2.0;
				ZERO_LINK = NO;
			};
			name = Release;
		};
		054CBF260EE21BD10043675E /* Debug */ = {
			isa = XCBuildConfiguration;
			buildSettings = {
				PRODUCT_NAME = PlausibleDatabase;
			};
			name = Debug;
		};
		054CBF270EE21BD10043675E /* Release */ = {
			isa = XCBuildConfiguration;
			buildSettings = {
				PRODUCT_NAME = PlausibleDatabase;
			};
			name = Release;
		};
		054CBFDE0EE242BD0043675E /* Debug */ = {
			isa = XCBuildConfiguration;
			buildSettings = {
				ALWAYS_SEARCH_USER_PATHS = NO;
				ARCHS = i386;
				COPY_PHASE_STRIP = NO;
				EFFECTIVE_PLATFORM_NAME = "-Windows-i386";
				EXECUTABLE_SUFFIX = .1.0.dll;
				FRAMEWORK_SEARCH_PATHS = /Developer/Cocotron/1.0/Windows/i386/Frameworks;
				FRAMEWORK_VERSION = A;
				HEADER_SEARCH_PATHS = "$(SRCROOT)/Dependencies/sqlite-3.6.5";
				INFOPLIST_FILE = "Resources/PlausibleDatabase-Info.plist";
				INSTALL_PATH = "$(HOME)/Library/Frameworks";
				LIBRARY_SEARCH_PATHS = (
					"$(inherited)",
					"\"$(SRCROOT)/Dependencies/sqlite-3.6.5\"",
				);
				OTHER_CFLAGS = (
					"$(inherited)",
					"-Wno-unknown-pragmas",
				);
				OTHER_LDFLAGS = (
					"-shared",
					"-Wl,--enable-auto-import",
					"-Wl,--export-all-symbols",
					"-Wl,--out-implib,$TARGET_BUILD_DIR/$(PRODUCT_NAME).framework/lib$(PRODUCT_NAME).a",
				);
				PREBINDING = NO;
				PRODUCT_NAME = PlausibleDatabase;
			};
			name = Debug;
		};
		054CBFDF0EE242BD0043675E /* Release */ = {
			isa = XCBuildConfiguration;
			buildSettings = {
				ALWAYS_SEARCH_USER_PATHS = NO;
				ARCHS = i386;
				COPY_PHASE_STRIP = YES;
				EFFECTIVE_PLATFORM_NAME = "-Windows-i386";
				EXECUTABLE_SUFFIX = .1.0.dll;
				FRAMEWORK_SEARCH_PATHS = /Developer/Cocotron/1.0/Windows/i386/Frameworks;
				FRAMEWORK_VERSION = A;
				HEADER_SEARCH_PATHS = "$(SRCROOT)/Dependencies/sqlite-3.6.5";
				INFOPLIST_FILE = "Resources/PlausibleDatabase-Info.plist";
				INSTALL_PATH = "$(HOME)/Library/Frameworks";
				LIBRARY_SEARCH_PATHS = (
					"$(inherited)",
					"\"$(SRCROOT)/Dependencies/sqlite-3.6.5\"",
				);
				OTHER_CFLAGS = (
					"$(inherited)",
					"-Wno-unknown-pragmas",
				);
				OTHER_LDFLAGS = (
					"-shared",
					"-Wl,--enable-auto-import",
					"-Wl,--export-all-symbols",
					"-Wl,--out-implib,$TARGET_BUILD_DIR/$(PRODUCT_NAME).framework/lib$(PRODUCT_NAME).a",
				);
				PREBINDING = NO;
				PRODUCT_NAME = PlausibleDatabase;
			};
			name = Release;
		};
		0551CA4E0DCBE9F600E31E46 /* Debug */ = {
			isa = XCBuildConfiguration;
			buildSettings = {
				ALWAYS_SEARCH_USER_PATHS = NO;
				ARCHS = "$(ARCHS_STANDARD_32_BIT)";
				COPY_PHASE_STRIP = NO;
				EFFECTIVE_PLATFORM_NAME = "-MacOSX";
				FRAMEWORK_SEARCH_PATHS = (
					"$(DEVELOPER_LIBRARY_DIR)/Frameworks",
					"\"$(SRCROOT)/Dependencies\"",
				);
				GCC_DYNAMIC_NO_PIC = NO;
				GCC_ENABLE_FIX_AND_CONTINUE = NO;
				GCC_ENABLE_OBJC_EXCEPTIONS = YES;
				GCC_MODEL_TUNING = G5;
				GCC_OPTIMIZATION_LEVEL = 0;
				GCC_PRECOMPILE_PREFIX_HEADER = YES;
				GCC_PREFIX_HEADER = "$(SYSTEM_LIBRARY_DIR)/Frameworks/Cocoa.framework/Headers/Cocoa.h";
				INFOPLIST_FILE = "Resources/Tests-Info.plist";
				INSTALL_PATH = "$(USER_LIBRARY_DIR)/Bundles";
				ONLY_ACTIVE_ARCH = YES;
				OTHER_CFLAGS = "-DPL_DB_PRIVATE=1";
				OTHER_LDFLAGS = (
					"-framework",
					Cocoa,
					"-framework",
					SenTestingKit,
				);
				PREBINDING = NO;
				PRODUCT_NAME = Tests;
				SDKROOT = macosx10.4;
				WRAPPER_EXTENSION = octest;
			};
			name = Debug;
		};
		0551CA4F0DCBE9F600E31E46 /* Release */ = {
			isa = XCBuildConfiguration;
			buildSettings = {
				ALWAYS_SEARCH_USER_PATHS = NO;
				ARCHS = "$(ARCHS_STANDARD_32_BIT)";
				COPY_PHASE_STRIP = YES;
				DEBUG_INFORMATION_FORMAT = "dwarf-with-dsym";
				EFFECTIVE_PLATFORM_NAME = "-MacOSX";
				FRAMEWORK_SEARCH_PATHS = (
					"$(DEVELOPER_LIBRARY_DIR)/Frameworks",
					"\"$(SRCROOT)/Dependencies\"",
				);
				GCC_ENABLE_FIX_AND_CONTINUE = NO;
				GCC_ENABLE_OBJC_EXCEPTIONS = YES;
				GCC_MODEL_TUNING = G5;
				GCC_PRECOMPILE_PREFIX_HEADER = YES;
				GCC_PREFIX_HEADER = "$(SYSTEM_LIBRARY_DIR)/Frameworks/Cocoa.framework/Headers/Cocoa.h";
				INFOPLIST_FILE = "Resources/Tests-Info.plist";
				INSTALL_PATH = "$(USER_LIBRARY_DIR)/Bundles";
				ONLY_ACTIVE_ARCH = NO;
				OTHER_CFLAGS = "-DPL_DB_PRIVATE=1";
				OTHER_LDFLAGS = (
					"-framework",
					Cocoa,
					"-framework",
					SenTestingKit,
				);
				PREBINDING = NO;
				PRODUCT_NAME = Tests;
				SDKROOT = macosx10.4;
				WRAPPER_EXTENSION = octest;
				ZERO_LINK = NO;
			};
			name = Release;
		};
		057829F70EE25E860039276A /* Debug */ = {
			isa = XCBuildConfiguration;
			buildSettings = {
				ALWAYS_SEARCH_USER_PATHS = NO;
				ARCHS = i386;
				COPY_PHASE_STRIP = NO;
				EFFECTIVE_PLATFORM_NAME = "-Windows-i386";
				EXECUTABLE_FOLDER_PATH = "$(CONTENTS_FOLDER_PATH)/Windows";
				EXECUTABLE_SUFFIX = .dll;
				FRAMEWORK_SEARCH_PATHS = /Developer/Cocotron/1.0/Windows/i386/Frameworks;
				GCC_C_LANGUAGE_STANDARD = gnu99;
				INFOPLIST_FILE = "Resources/Tests-Info.plist";
				INSTALL_PATH = "$(USER_LIBRARY_DIR)/Bundles";
				MACH_O_TYPE = mh_dylib;
				OTHER_LDFLAGS = (
					"-shared",
					"-Wl,--export-all-symbols",
				);
				PREBINDING = NO;
				PRODUCT_NAME = Tests;
				WRAPPER_EXTENSION = octest;
			};
			name = Debug;
		};
		057829F80EE25E860039276A /* Release */ = {
			isa = XCBuildConfiguration;
			buildSettings = {
				ALWAYS_SEARCH_USER_PATHS = NO;
				ARCHS = i386;
				COPY_PHASE_STRIP = YES;
				EFFECTIVE_PLATFORM_NAME = "-Windows-i386";
				EXECUTABLE_FOLDER_PATH = "$(CONTENTS_FOLDER_PATH)/Windows";
				EXECUTABLE_SUFFIX = .dll;
				FRAMEWORK_SEARCH_PATHS = /Developer/Cocotron/1.0/Windows/i386/Frameworks;
				GCC_C_LANGUAGE_STANDARD = gnu99;
				INFOPLIST_FILE = "Resources/Tests-Info.plist";
				INSTALL_PATH = "$(USER_LIBRARY_DIR)/Bundles";
				MACH_O_TYPE = mh_dylib;
				OTHER_LDFLAGS = (
					"-shared",
					"-Wl,--export-all-symbols",
				);
				PREBINDING = NO;
				PRODUCT_NAME = Tests;
				WRAPPER_EXTENSION = octest;
			};
			name = Release;
		};
		058ABB660DE6361300C995C9 /* Debug */ = {
			isa = XCBuildConfiguration;
			buildSettings = {
				ALWAYS_SEARCH_USER_PATHS = NO;
				ARCHS = "$(ARCHS_STANDARD_32_BIT)";
				COPY_PHASE_STRIP = NO;
				DYLIB_COMPATIBILITY_VERSION = 1;
				DYLIB_CURRENT_VERSION = 1;
				EFFECTIVE_PLATFORM_NAME = "-MacOSX";
				FRAMEWORK_VERSION = A;
				GCC_DYNAMIC_NO_PIC = NO;
				GCC_MODEL_TUNING = G5;
				GCC_OPTIMIZATION_LEVEL = 0;
				INFOPLIST_FILE = "Resources/PlausibleDatabase-Info.plist";
				INSTALL_PATH = "@loader_path/../Frameworks";
				ONLY_ACTIVE_ARCH = YES;
				OTHER_LDFLAGS = (
					"-framework",
					Foundation,
					"-framework",
					AppKit,
				);
				PREBINDING = NO;
				PRODUCT_NAME = PlausibleDatabase;
				SDKROOT = macosx10.4;
			};
			name = Debug;
		};
		058ABB670DE6361300C995C9 /* Release */ = {
			isa = XCBuildConfiguration;
			buildSettings = {
				ALWAYS_SEARCH_USER_PATHS = NO;
				ARCHS = "$(ARCHS_STANDARD_32_BIT)";
				COPY_PHASE_STRIP = YES;
				DEBUG_INFORMATION_FORMAT = "dwarf-with-dsym";
				DYLIB_COMPATIBILITY_VERSION = 1;
				DYLIB_CURRENT_VERSION = 1;
				EFFECTIVE_PLATFORM_NAME = "-MacOSX";
				FRAMEWORK_VERSION = A;
				GCC_ENABLE_FIX_AND_CONTINUE = NO;
				GCC_MODEL_TUNING = G5;
				GCC_PRECOMPILE_PREFIX_HEADER = YES;
				GCC_PREFIX_HEADER = "$(SYSTEM_LIBRARY_DIR)/Frameworks/AppKit.framework/Headers/AppKit.h";
				INFOPLIST_FILE = "Resources/PlausibleDatabase-Info.plist";
				INSTALL_PATH = "@executable_path/../Frameworks";
				ONLY_ACTIVE_ARCH = NO;
				OTHER_LDFLAGS = (
					"-framework",
					Foundation,
					"-framework",
					AppKit,
				);
				PREBINDING = NO;
				PRODUCT_NAME = PlausibleDatabase;
				SDKROOT = macosx10.4;
				ZERO_LINK = NO;
			};
			name = Release;
		};
		1DEB918208733D990010E9CD /* Debug */ = {
			isa = XCBuildConfiguration;
			buildSettings = {
				ALWAYS_SEARCH_USER_PATHS = NO;
				GCC_C_LANGUAGE_STANDARD = c99;
				GCC_OPTIMIZATION_LEVEL = 0;
				GCC_TREAT_WARNINGS_AS_ERRORS = YES;
				GCC_WARN_ABOUT_RETURN_TYPE = YES;
				GCC_WARN_UNUSED_VARIABLE = YES;
				OTHER_CFLAGS = "-DPL_DB_PRIVATE=1";
				PL_CANONICAL_PLATFORM = MacOSX;
				PL_CANONICAL_PRODUCT = PlausibleDatabase;
				PREBINDING = NO;
				WARNING_CFLAGS = (
					"-Wall",
					"-Werror",
				);
			};
			name = Debug;
		};
		1DEB918308733D990010E9CD /* Release */ = {
			isa = XCBuildConfiguration;
			buildSettings = {
				ALWAYS_SEARCH_USER_PATHS = NO;
				GCC_C_LANGUAGE_STANDARD = c99;
				GCC_TREAT_WARNINGS_AS_ERRORS = YES;
				GCC_WARN_ABOUT_RETURN_TYPE = YES;
				GCC_WARN_UNUSED_VARIABLE = YES;
				OTHER_CFLAGS = "-DPL_DB_PRIVATE=1";
				PL_CANONICAL_PLATFORM = MacOSX;
				PL_CANONICAL_PRODUCT = PlausibleDatabase;
				PREBINDING = NO;
				WARNING_CFLAGS = (
					"-Wall",
					"-Werror",
				);
			};
			name = Release;
		};
/* End XCBuildConfiguration section */

/* Begin XCConfigurationList section */
		054CBF1B0EE21B6F0043675E /* Build configuration list for PBXNativeTarget "PlausibleDatabase-iPhoneOS" */ = {
			isa = XCConfigurationList;
			buildConfigurations = (
				054CBF0E0EE21B2C0043675E /* Debug */,
				054CBF0F0EE21B2C0043675E /* Release */,
			);
			defaultConfigurationIsVisible = 0;
			defaultConfigurationName = Release;
		};
		054CBF1C0EE21B6F0043675E /* Build configuration list for PBXNativeTarget "PlausibleDatabase-iPhoneSimulator" */ = {
			isa = XCConfigurationList;
			buildConfigurations = (
				054CBF170EE21B580043675E /* Debug */,
				054CBF180EE21B580043675E /* Release */,
			);
			defaultConfigurationIsVisible = 0;
			defaultConfigurationName = Release;
		};
		054CBF360EE21C380043675E /* Build configuration list for PBXAggregateTarget "PlausibleDatabase (Mac & iPhone)" */ = {
			isa = XCConfigurationList;
			buildConfigurations = (
				054CBF260EE21BD10043675E /* Debug */,
				054CBF270EE21BD10043675E /* Release */,
			);
			defaultConfigurationIsVisible = 0;
			defaultConfigurationName = Release;
		};
		054CBFE00EE242BD0043675E /* Build configuration list for PBXNativeTarget "PlausibleDatabase-Windows-i386" */ = {
			isa = XCConfigurationList;
			buildConfigurations = (
				054CBFDE0EE242BD0043675E /* Debug */,
				054CBFDF0EE242BD0043675E /* Release */,
			);
			defaultConfigurationIsVisible = 0;
			defaultConfigurationName = Release;
		};
		0551CA500DCBE9F700E31E46 /* Build configuration list for PBXNativeTarget "Tests-MacOSX" */ = {
			isa = XCConfigurationList;
			buildConfigurations = (
				0551CA4E0DCBE9F600E31E46 /* Debug */,
				0551CA4F0DCBE9F600E31E46 /* Release */,
			);
			defaultConfigurationIsVisible = 0;
			defaultConfigurationName = Release;
		};
		057829F90EE25E860039276A /* Build configuration list for PBXNativeTarget "Tests-Windows-i386" */ = {
			isa = XCConfigurationList;
			buildConfigurations = (
				057829F70EE25E860039276A /* Debug */,
				057829F80EE25E860039276A /* Release */,
			);
			defaultConfigurationIsVisible = 0;
			defaultConfigurationName = Release;
		};
		058ABB680DE6361300C995C9 /* Build configuration list for PBXNativeTarget "PlausibleDatabase-MacOSX" */ = {
			isa = XCConfigurationList;
			buildConfigurations = (
				058ABB660DE6361300C995C9 /* Debug */,
				058ABB670DE6361300C995C9 /* Release */,
			);
			defaultConfigurationIsVisible = 0;
			defaultConfigurationName = Release;
		};
		1DEB918108733D990010E9CD /* Build configuration list for PBXProject "PlausibleDatabase" */ = {
			isa = XCConfigurationList;
			buildConfigurations = (
				1DEB918208733D990010E9CD /* Debug */,
				1DEB918308733D990010E9CD /* Release */,
			);
			defaultConfigurationIsVisible = 0;
			defaultConfigurationName = Release;
		};
/* End XCConfigurationList section */
	};
	rootObject = 0867D690FE84028FC02AAC07 /* Project object */;
}
